// !$*UTF8*$!
{
	archiveVersion = 1;
	classes = {
	};
	objectVersion = 50;
	objects = {

/* Begin PBXBuildFile section */
		BD15A06E247D260C00A55078 /* AppDelegate.swift in Sources */ = {isa = PBXBuildFile; fileRef = BD15A06D247D260C00A55078 /* AppDelegate.swift */; };
		BD15A070247D260C00A55078 /* SceneDelegate.swift in Sources */ = {isa = PBXBuildFile; fileRef = BD15A06F247D260C00A55078 /* SceneDelegate.swift */; };
		BD15A075247D260C00A55078 /* Main.storyboard in Resources */ = {isa = PBXBuildFile; fileRef = BD15A073247D260C00A55078 /* Main.storyboard */; };
		BD15A077247D261000A55078 /* Assets.xcassets in Resources */ = {isa = PBXBuildFile; fileRef = BD15A076247D261000A55078 /* Assets.xcassets */; };
		BD15A07A247D261000A55078 /* LaunchScreen.storyboard in Resources */ = {isa = PBXBuildFile; fileRef = BD15A078247D261000A55078 /* LaunchScreen.storyboard */; };
		BD15A082247D263F00A55078 /* MyTableViewController.swift in Sources */ = {isa = PBXBuildFile; fileRef = BD15A081247D263F00A55078 /* MyTableViewController.swift */; };
		BD15A084247D278B00A55078 /* MyCustomTableView.swift in Sources */ = {isa = PBXBuildFile; fileRef = BD15A083247D278B00A55078 /* MyCustomTableView.swift */; };
		BD15A086247D288700A55078 /* Country.swift in Sources */ = {isa = PBXBuildFile; fileRef = BD15A085247D288700A55078 /* Country.swift */; };
		BD15A088247D29C200A55078 /* CountryGetter.swift in Sources */ = {isa = PBXBuildFile; fileRef = BD15A087247D29C200A55078 /* CountryGetter.swift */; };
		BD15A08A247EC05800A55078 /* DetailViewController.swift in Sources */ = {isa = PBXBuildFile; fileRef = BD15A089247EC05800A55078 /* DetailViewController.swift */; };
		BD15A08C247FD83600A55078 /* Continent.swift in Sources */ = {isa = PBXBuildFile; fileRef = BD15A08B247FD83600A55078 /* Continent.swift */; };
		BD15A092247FE48200A55078 /* MyFirstCell.swift in Sources */ = {isa = PBXBuildFile; fileRef = BD15A091247FE48200A55078 /* MyFirstCell.swift */; };
		BD15A094247FECD500A55078 /* RoundedImage.swift in Sources */ = {isa = PBXBuildFile; fileRef = BD15A093247FECD500A55078 /* RoundedImage.swift */; };
		BD15A096248130A300A55078 /* MyFirstCell2.swift in Sources */ = {isa = PBXBuildFile; fileRef = BD15A095248130A300A55078 /* MyFirstCell2.swift */; };
		BD15A0982481348B00A55078 /* ShadowView.swift in Sources */ = {isa = PBXBuildFile; fileRef = BD15A0972481348B00A55078 /* ShadowView.swift */; };
/* End PBXBuildFile section */

/* Begin PBXFileReference section */
		BD15A06A247D260C00A55078 /* tableview_tableViewController.app */ = {isa = PBXFileReference; explicitFileType = wrapper.application; includeInIndex = 0; path = tableview_tableViewController.app; sourceTree = BUILT_PRODUCTS_DIR; };
		BD15A06D247D260C00A55078 /* AppDelegate.swift */ = {isa = PBXFileReference; lastKnownFileType = sourcecode.swift; path = AppDelegate.swift; sourceTree = "<group>"; };
		BD15A06F247D260C00A55078 /* SceneDelegate.swift */ = {isa = PBXFileReference; lastKnownFileType = sourcecode.swift; path = SceneDelegate.swift; sourceTree = "<group>"; };
		BD15A074247D260C00A55078 /* Base */ = {isa = PBXFileReference; lastKnownFileType = file.storyboard; name = Base; path = Base.lproj/Main.storyboard; sourceTree = "<group>"; };
		BD15A076247D261000A55078 /* Assets.xcassets */ = {isa = PBXFileReference; lastKnownFileType = folder.assetcatalog; path = Assets.xcassets; sourceTree = "<group>"; };
		BD15A079247D261000A55078 /* Base */ = {isa = PBXFileReference; lastKnownFileType = file.storyboard; name = Base; path = Base.lproj/LaunchScreen.storyboard; sourceTree = "<group>"; };
		BD15A07B247D261000A55078 /* Info.plist */ = {isa = PBXFileReference; lastKnownFileType = text.plist.xml; path = Info.plist; sourceTree = "<group>"; };
		BD15A081247D263F00A55078 /* MyTableViewController.swift */ = {isa = PBXFileReference; lastKnownFileType = sourcecode.swift; path = MyTableViewController.swift; sourceTree = "<group>"; };
		BD15A083247D278B00A55078 /* MyCustomTableView.swift */ = {isa = PBXFileReference; lastKnownFileType = sourcecode.swift; path = MyCustomTableView.swift; sourceTree = "<group>"; };
		BD15A085247D288700A55078 /* Country.swift */ = {isa = PBXFileReference; lastKnownFileType = sourcecode.swift; path = Country.swift; sourceTree = "<group>"; };
		BD15A087247D29C200A55078 /* CountryGetter.swift */ = {isa = PBXFileReference; lastKnownFileType = sourcecode.swift; path = CountryGetter.swift; sourceTree = "<group>"; };
		BD15A089247EC05800A55078 /* DetailViewController.swift */ = {isa = PBXFileReference; lastKnownFileType = sourcecode.swift; path = DetailViewController.swift; sourceTree = "<group>"; };
		BD15A08B247FD83600A55078 /* Continent.swift */ = {isa = PBXFileReference; lastKnownFileType = sourcecode.swift; path = Continent.swift; sourceTree = "<group>"; };
		BD15A091247FE48200A55078 /* MyFirstCell.swift */ = {isa = PBXFileReference; lastKnownFileType = sourcecode.swift; path = MyFirstCell.swift; sourceTree = "<group>"; };
		BD15A093247FECD500A55078 /* RoundedImage.swift */ = {isa = PBXFileReference; lastKnownFileType = sourcecode.swift; path = RoundedImage.swift; sourceTree = "<group>"; };
		BD15A095248130A300A55078 /* MyFirstCell2.swift */ = {isa = PBXFileReference; lastKnownFileType = sourcecode.swift; path = MyFirstCell2.swift; sourceTree = "<group>"; };
		BD15A0972481348B00A55078 /* ShadowView.swift */ = {isa = PBXFileReference; lastKnownFileType = sourcecode.swift; path = ShadowView.swift; sourceTree = "<group>"; };
/* End PBXFileReference section */

/* Begin PBXFrameworksBuildPhase section */
		BD15A067247D260C00A55078 /* Frameworks */ = {
			isa = PBXFrameworksBuildPhase;
			buildActionMask = 2147483647;
			files = (
			);
			runOnlyForDeploymentPostprocessing = 0;
		};
/* End PBXFrameworksBuildPhase section */

/* Begin PBXGroup section */
		BD15A061247D260C00A55078 = {
			isa = PBXGroup;
			children = (
				BD15A06C247D260C00A55078 /* tableview_tableViewController */,
				BD15A06B247D260C00A55078 /* Products */,
			);
			sourceTree = "<group>";
		};
		BD15A06B247D260C00A55078 /* Products */ = {
			isa = PBXGroup;
			children = (
				BD15A06A247D260C00A55078 /* tableview_tableViewController.app */,
			);
			name = Products;
			sourceTree = "<group>";
		};
		BD15A06C247D260C00A55078 /* tableview_tableViewController */ = {
			isa = PBXGroup;
			children = (
				BD15A07B247D261000A55078 /* Info.plist */,
				BD15A090247FD87600A55078 /* Supporting files */,
				BD15A08F247FD86D00A55078 /* Controller */,
				BD15A08E247FD85800A55078 /* View */,
				BD15A08D247FD84600A55078 /* Model */,
				BD15A081247D263F00A55078 /* MyTableViewController.swift */,
				BD15A083247D278B00A55078 /* MyCustomTableView.swift */,
				BD15A089247EC05800A55078 /* DetailViewController.swift */,
			);
			path = tableview_tableViewController;
			sourceTree = "<group>";
		};
		BD15A08D247FD84600A55078 /* Model */ = {
			isa = PBXGroup;
			children = (
				BD15A087247D29C200A55078 /* CountryGetter.swift */,
				BD15A085247D288700A55078 /* Country.swift */,
				BD15A08B247FD83600A55078 /* Continent.swift */,
			);
			path = Model;
			sourceTree = "<group>";
		};
		BD15A08E247FD85800A55078 /* View */ = {
			isa = PBXGroup;
			children = (
				BD15A073247D260C00A55078 /* Main.storyboard */,
				BD15A093247FECD500A55078 /* RoundedImage.swift */,
				BD15A0972481348B00A55078 /* ShadowView.swift */,
				BD15A091247FE48200A55078 /* MyFirstCell.swift */,
				BD15A095248130A300A55078 /* MyFirstCell2.swift */,
			);
			path = View;
			sourceTree = "<group>";
		};
		BD15A08F247FD86D00A55078 /* Controller */ = {
			isa = PBXGroup;
			children = (
			);
			path = Controller;
			sourceTree = "<group>";
		};
		BD15A090247FD87600A55078 /* Supporting files */ = {
			isa = PBXGroup;
			children = (
				BD15A078247D261000A55078 /* LaunchScreen.storyboard */,
				BD15A076247D261000A55078 /* Assets.xcassets */,
				BD15A06D247D260C00A55078 /* AppDelegate.swift */,
				BD15A06F247D260C00A55078 /* SceneDelegate.swift */,
			);
			path = "Supporting files";
			sourceTree = "<group>";
		};
/* End PBXGroup section */

/* Begin PBXNativeTarget section */
		BD15A069247D260C00A55078 /* tableview_tableViewController */ = {
			isa = PBXNativeTarget;
			buildConfigurationList = BD15A07E247D261000A55078 /* Build configuration list for PBXNativeTarget "tableview_tableViewController" */;
			buildPhases = (
				BD15A066247D260C00A55078 /* Sources */,
				BD15A067247D260C00A55078 /* Frameworks */,
				BD15A068247D260C00A55078 /* Resources */,
			);
			buildRules = (
			);
			dependencies = (
			);
			name = tableview_tableViewController;
			productName = tableview_tableViewController;
			productReference = BD15A06A247D260C00A55078 /* tableview_tableViewController.app */;
			productType = "com.apple.product-type.application";
		};
/* End PBXNativeTarget section */

/* Begin PBXProject section */
		BD15A062247D260C00A55078 /* Project object */ = {
			isa = PBXProject;
			attributes = {
				LastSwiftUpdateCheck = 1150;
				LastUpgradeCheck = 1150;
				ORGANIZATIONNAME = "Caroline Zaini";
				TargetAttributes = {
					BD15A069247D260C00A55078 = {
						CreatedOnToolsVersion = 11.5;
					};
				};
			};
			buildConfigurationList = BD15A065247D260C00A55078 /* Build configuration list for PBXProject "tableview_tableViewController" */;
			compatibilityVersion = "Xcode 9.3";
			developmentRegion = en;
			hasScannedForEncodings = 0;
			knownRegions = (
				en,
				Base,
			);
			mainGroup = BD15A061247D260C00A55078;
			productRefGroup = BD15A06B247D260C00A55078 /* Products */;
			projectDirPath = "";
			projectRoot = "";
			targets = (
				BD15A069247D260C00A55078 /* tableview_tableViewController */,
			);
		};
/* End PBXProject section */

/* Begin PBXResourcesBuildPhase section */
		BD15A068247D260C00A55078 /* Resources */ = {
			isa = PBXResourcesBuildPhase;
			buildActionMask = 2147483647;
			files = (
				BD15A07A247D261000A55078 /* LaunchScreen.storyboard in Resources */,
				BD15A077247D261000A55078 /* Assets.xcassets in Resources */,
				BD15A075247D260C00A55078 /* Main.storyboard in Resources */,
			);
			runOnlyForDeploymentPostprocessing = 0;
		};
/* End PBXResourcesBuildPhase section */

/* Begin PBXSourcesBuildPhase section */
		BD15A066247D260C00A55078 /* Sources */ = {
			isa = PBXSourcesBuildPhase;
			buildActionMask = 2147483647;
			files = (
				BD15A06E247D260C00A55078 /* AppDelegate.swift in Sources */,
				BD15A070247D260C00A55078 /* SceneDelegate.swift in Sources */,
				BD15A096248130A300A55078 /* MyFirstCell2.swift in Sources */,
				BD15A092247FE48200A55078 /* MyFirstCell.swift in Sources */,
				BD15A084247D278B00A55078 /* MyCustomTableView.swift in Sources */,
				BD15A086247D288700A55078 /* Country.swift in Sources */,
				BD15A08C247FD83600A55078 /* Continent.swift in Sources */,
				BD15A082247D263F00A55078 /* MyTableViewController.swift in Sources */,
				BD15A0982481348B00A55078 /* ShadowView.swift in Sources */,
				BD15A094247FECD500A55078 /* RoundedImage.swift in Sources */,
				BD15A088247D29C200A55078 /* CountryGetter.swift in Sources */,
				BD15A08A247EC05800A55078 /* DetailViewController.swift in Sources */,
			);
			runOnlyForDeploymentPostprocessing = 0;
		};
/* End PBXSourcesBuildPhase section */

/* Begin PBXVariantGroup section */
		BD15A073247D260C00A55078 /* Main.storyboard */ = {
			isa = PBXVariantGroup;
			children = (
				BD15A074247D260C00A55078 /* Base */,
			);
			name = Main.storyboard;
			sourceTree = "<group>";
		};
		BD15A078247D261000A55078 /* LaunchScreen.storyboard */ = {
			isa = PBXVariantGroup;
			children = (
				BD15A079247D261000A55078 /* Base */,
			);
			name = LaunchScreen.storyboard;
			sourceTree = "<group>";
		};
/* End PBXVariantGroup section */

/* Begin XCBuildConfiguration section */
		BD15A07C247D261000A55078 /* Debug */ = {
			isa = XCBuildConfiguration;
			buildSettings = {
				ALWAYS_SEARCH_USER_PATHS = NO;
				CLANG_ANALYZER_NONNULL = YES;
				CLANG_ANALYZER_NUMBER_OBJECT_CONVERSION = YES_AGGRESSIVE;
				CLANG_CXX_LANGUAGE_STANDARD = "gnu++14";
				CLANG_CXX_LIBRARY = "libc++";
				CLANG_ENABLE_MODULES = YES;
				CLANG_ENABLE_OBJC_ARC = YES;
				CLANG_ENABLE_OBJC_WEAK = YES;
				CLANG_WARN_BLOCK_CAPTURE_AUTORELEASING = YES;
				CLANG_WARN_BOOL_CONVERSION = YES;
				CLANG_WARN_COMMA = YES;
				CLANG_WARN_CONSTANT_CONVERSION = YES;
				CLANG_WARN_DEPRECATED_OBJC_IMPLEMENTATIONS = YES;
				CLANG_WARN_DIRECT_OBJC_ISA_USAGE = YES_ERROR;
				CLANG_WARN_DOCUMENTATION_COMMENTS = YES;
				CLANG_WARN_EMPTY_BODY = YES;
				CLANG_WARN_ENUM_CONVERSION = YES;
				CLANG_WARN_INFINITE_RECURSION = YES;
				CLANG_WARN_INT_CONVERSION = YES;
				CLANG_WARN_NON_LITERAL_NULL_CONVERSION = YES;
				CLANG_WARN_OBJC_IMPLICIT_RETAIN_SELF = YES;
				CLANG_WARN_OBJC_LITERAL_CONVERSION = YES;
				CLANG_WARN_OBJC_ROOT_CLASS = YES_ERROR;
				CLANG_WARN_RANGE_LOOP_ANALYSIS = YES;
				CLANG_WARN_STRICT_PROTOTYPES = YES;
				CLANG_WARN_SUSPICIOUS_MOVE = YES;
				CLANG_WARN_UNGUARDED_AVAILABILITY = YES_AGGRESSIVE;
				CLANG_WARN_UNREACHABLE_CODE = YES;
				CLANG_WARN__DUPLICATE_METHOD_MATCH = YES;
				COPY_PHASE_STRIP = NO;
				DEBUG_INFORMATION_FORMAT = dwarf;
				ENABLE_STRICT_OBJC_MSGSEND = YES;
				ENABLE_TESTABILITY = YES;
				GCC_C_LANGUAGE_STANDARD = gnu11;
				GCC_DYNAMIC_NO_PIC = NO;
				GCC_NO_COMMON_BLOCKS = YES;
				GCC_OPTIMIZATION_LEVEL = 0;
				GCC_PREPROCESSOR_DEFINITIONS = (
					"DEBUG=1",
					"$(inherited)",
				);
				GCC_WARN_64_TO_32_BIT_CONVERSION = YES;
				GCC_WARN_ABOUT_RETURN_TYPE = YES_ERROR;
				GCC_WARN_UNDECLARED_SELECTOR = YES;
				GCC_WARN_UNINITIALIZED_AUTOS = YES_AGGRESSIVE;
				GCC_WARN_UNUSED_FUNCTION = YES;
				GCC_WARN_UNUSED_VARIABLE = YES;
				IPHONEOS_DEPLOYMENT_TARGET = 13.5;
				MTL_ENABLE_DEBUG_INFO = INCLUDE_SOURCE;
				MTL_FAST_MATH = YES;
				ONLY_ACTIVE_ARCH = YES;
				SDKROOT = iphoneos;
				SWIFT_ACTIVE_COMPILATION_CONDITIONS = DEBUG;
				SWIFT_OPTIMIZATION_LEVEL = "-Onone";
			};
			name = Debug;
		};
		BD15A07D247D261000A55078 /* Release */ = {
			isa = XCBuildConfiguration;
			buildSettings = {
				ALWAYS_SEARCH_USER_PATHS = NO;
				CLANG_ANALYZER_NONNULL = YES;
				CLANG_ANALYZER_NUMBER_OBJECT_CONVERSION = YES_AGGRESSIVE;
				CLANG_CXX_LANGUAGE_STANDARD = "gnu++14";
				CLANG_CXX_LIBRARY = "libc++";
				CLANG_ENABLE_MODULES = YES;
				CLANG_ENABLE_OBJC_ARC = YES;
				CLANG_ENABLE_OBJC_WEAK = YES;
				CLANG_WARN_BLOCK_CAPTURE_AUTORELEASING = YES;
				CLANG_WARN_BOOL_CONVERSION = YES;
				CLANG_WARN_COMMA = YES;
				CLANG_WARN_CONSTANT_CONVERSION = YES;
				CLANG_WARN_DEPRECATED_OBJC_IMPLEMENTATIONS = YES;
				CLANG_WARN_DIRECT_OBJC_ISA_USAGE = YES_ERROR;
				CLANG_WARN_DOCUMENTATION_COMMENTS = YES;
				CLANG_WARN_EMPTY_BODY = YES;
				CLANG_WARN_ENUM_CONVERSION = YES;
				CLANG_WARN_INFINITE_RECURSION = YES;
				CLANG_WARN_INT_CONVERSION = YES;
				CLANG_WARN_NON_LITERAL_NULL_CONVERSION = YES;
				CLANG_WARN_OBJC_IMPLICIT_RETAIN_SELF = YES;
				CLANG_WARN_OBJC_LITERAL_CONVERSION = YES;
				CLANG_WARN_OBJC_ROOT_CLASS = YES_ERROR;
				CLANG_WARN_RANGE_LOOP_ANALYSIS = YES;
				CLANG_WARN_STRICT_PROTOTYPES = YES;
				CLANG_WARN_SUSPICIOUS_MOVE = YES;
				CLANG_WARN_UNGUARDED_AVAILABILITY = YES_AGGRESSIVE;
				CLANG_WARN_UNREACHABLE_CODE = YES;
				CLANG_WARN__DUPLICATE_METHOD_MATCH = YES;
				COPY_PHASE_STRIP = NO;
				DEBUG_INFORMATION_FORMAT = "dwarf-with-dsym";
				ENABLE_NS_ASSERTIONS = NO;
				ENABLE_STRICT_OBJC_MSGSEND = YES;
				GCC_C_LANGUAGE_STANDARD = gnu11;
				GCC_NO_COMMON_BLOCKS = YES;
				GCC_WARN_64_TO_32_BIT_CONVERSION = YES;
				GCC_WARN_ABOUT_RETURN_TYPE = YES_ERROR;
				GCC_WARN_UNDECLARED_SELECTOR = YES;
				GCC_WARN_UNINITIALIZED_AUTOS = YES_AGGRESSIVE;
				GCC_WARN_UNUSED_FUNCTION = YES;
				GCC_WARN_UNUSED_VARIABLE = YES;
				IPHONEOS_DEPLOYMENT_TARGET = 13.5;
				MTL_ENABLE_DEBUG_INFO = NO;
				MTL_FAST_MATH = YES;
				SDKROOT = iphoneos;
				SWIFT_COMPILATION_MODE = wholemodule;
				SWIFT_OPTIMIZATION_LEVEL = "-O";
				VALIDATE_PRODUCT = YES;
			};
			name = Release;
		};
		BD15A07F247D261000A55078 /* Debug */ = {
			isa = XCBuildConfiguration;
			buildSettings = {
				ASSETCATALOG_COMPILER_APPICON_NAME = AppIcon;
				CODE_SIGN_STYLE = Automatic;
				INFOPLIST_FILE = tableview_tableViewController/Info.plist;
				LD_RUNPATH_SEARCH_PATHS = (
					"$(inherited)",
					"@executable_path/Frameworks",
				);
				PRODUCT_BUNDLE_IDENTIFIER = "fr.carolinezaini.tableview-tableViewController";
				PRODUCT_NAME = "$(TARGET_NAME)";
				SWIFT_VERSION = 5.0;
				TARGETED_DEVICE_FAMILY = "1,2";
			};
			name = Debug;
		};
		BD15A080247D261000A55078 /* Release */ = {
			isa = XCBuildConfiguration;
			buildSettings = {
				ASSETCATALOG_COMPILER_APPICON_NAME = AppIcon;
				CODE_SIGN_STYLE = Automatic;
				INFOPLIST_FILE = tableview_tableViewController/Info.plist;
				LD_RUNPATH_SEARCH_PATHS = (
					"$(inherited)",
					"@executable_path/Frameworks",
				);
				PRODUCT_BUNDLE_IDENTIFIER = "fr.carolinezaini.tableview-tableViewController";
				PRODUCT_NAME = "$(TARGET_NAME)";
				SWIFT_VERSION = 5.0;
				TARGETED_DEVICE_FAMILY = "1,2";
			};
			name = Release;
		};
/* End XCBuildConfiguration section */

/* Begin XCConfigurationList section */
		BD15A065247D260C00A55078 /* Build configuration list for PBXProject "tableview_tableViewController" */ = {
			isa = XCConfigurationList;
			buildConfigurations = (
				BD15A07C247D261000A55078 /* Debug */,
				BD15A07D247D261000A55078 /* Release */,
			);
			defaultConfigurationIsVisible = 0;
			defaultConfigurationName = Release;
		};
		BD15A07E247D261000A55078 /* Build configuration list for PBXNativeTarget "tableview_tableViewController" */ = {
			isa = XCConfigurationList;
			buildConfigurations = (
				BD15A07F247D261000A55078 /* Debug */,
				BD15A080247D261000A55078 /* Release */,
			);
			defaultConfigurationIsVisible = 0;
			defaultConfigurationName = Release;
		};
/* End XCConfigurationList section */
	};
	rootObject = BD15A062247D260C00A55078 /* Project object */;
}
